
Microsoft Visual Studio Solution File, Format Version 12.00
# Visual Studio Version 17
VisualStudioVersion = 17.12.35707.178 d17.12
MinimumVisualStudioVersion = 10.0.40219.1
Project("{FAE04EC0-301F-11D3-BF4B-00C04F79EFBC}") = "SiH_Tweaks", "SiH_Tweaks\SiH_Tweaks.csproj", "{BAA2F5C3-A6D7-4CB1-8AE0-E9A6E405696D}"
EndProject
Project("{FAE04EC0-301F-11D3-BF4B-00C04F79EFBC}") = "SiH_Uncensor", "SiH_Uncensor\SiH_Uncensor.csproj", "{F42BBA1A-9F17-421A-906E-D7C01A8C0681}"
EndProject
Project("{FAE04EC0-301F-11D3-BF4B-00C04F79EFBC}") = "TranslateRedirectedResources", "TranslateRedirectedResources\TranslateRedirectedResources.csproj", "{B55AF37A-B08E-4A74-9ADC-AAEBCFB4BBA5}"
EndProject
Global
	GlobalSection(SolutionConfigurationPlatforms) = preSolution
		Debug|Any CPU = Debug|Any CPU
		Release|Any CPU = Release|Any CPU
	EndGlobalSection
	GlobalSection(ProjectConfigurationPlatforms) = postSolution
		{BAA2F5C3-A6D7-4CB1-8AE0-E9A6E405696D}.Debug|Any CPU.ActiveCfg = Debug|Any CPU
		{BAA2F5C3-A6D7-4CB1-8AE0-E9A6E405696D}.Debug|Any CPU.Build.0 = Debug|Any CPU
		{BAA2F5C3-A6D7-4CB1-8AE0-E9A6E405696D}.Release|Any CPU.ActiveCfg = Release|Any CPU
		{BAA2F5C3-A6D7-4CB1-8AE0-E9A6E405696D}.Release|Any CPU.Build.0 = Release|Any CPU
		{F42BBA1A-9F17-421A-906E-D7C01A8C0681}.Debug|Any CPU.ActiveCfg = Debug|Any CPU
		{F42BBA1A-9F17-421A-906E-D7C01A8C0681}.Debug|Any CPU.Build.0 = Debug|Any CPU
		{F42BBA1A-9F17-421A-906E-D7C01A8C0681}.Release|Any CPU.ActiveCfg = Release|Any CPU
		{F42BBA1A-9F17-421A-906E-D7C01A8C0681}.Release|Any CPU.Build.0 = Release|Any CPU
		{B55AF37A-B08E-4A74-9ADC-AAEBCFB4BBA5}.Debug|Any CPU.ActiveCfg = Debug|Any CPU
		{B55AF37A-B08E-4A74-9ADC-AAEBCFB4BBA5}.Debug|Any CPU.Build.0 = Debug|Any CPU
		{B55AF37A-B08E-4A74-9ADC-AAEBCFB4BBA5}.Release|Any CPU.ActiveCfg = Release|Any CPU
		{B55AF37A-B08E-4A74-9ADC-AAEBCFB4BBA5}.Release|Any CPU.Build.0 = Release|Any CPU
	EndGlobalSection
	GlobalSection(SolutionProperties) = preSolution
		HideSolutionNode = FALSE
	EndGlobalSection
EndGlobal
